
Microsoft Visual Studio Solution File, Format Version 12.00
# Visual Studio Version 17
VisualStudioVersion = 17.14.36511.14 d17.14
MinimumVisualStudioVersion = 10.0.40219.1
Project("{FAE04EC0-301F-11D3-BF4B-00C04F79EFBC}") = "PragueParking.App", "PragueParking.consoleapp\PragueParking.App.csproj", "{F14B150D-5F50-41DC-8D2C-1CEA4F2F911C}"
EndProject
Project("{FAE04EC0-301F-11D3-BF4B-00C04F79EFBC}") = "PragueParking.Core", "PragueParking.Core\PragueParking.Core.csproj", "{D0A719C0-7D82-4373-A2A2-1CEC55357818}"
EndProject
Project("{FAE04EC0-301F-11D3-BF4B-00C04F79EFBC}") = "PragueParking.Data", "PragueParking.Data\PragueParking.Data.csproj", "{219372A8-A51F-4B9D-B13C-29B6B6911D53}"
EndProject
Project("{FAE04EC0-301F-11D3-BF4B-00C04F79EFBC}") = "PragueParking.Test", "PragueParking.Test\PragueParking.Test.csproj", "{2D22838E-22A8-43AD-B9A8-5CD062450B78}"
EndProject
Global
	GlobalSection(SolutionConfigurationPlatforms) = preSolution
		Debug|Any CPU = Debug|Any CPU
		Release|Any CPU = Release|Any CPU
	EndGlobalSection
	GlobalSection(ProjectConfigurationPlatforms) = postSolution
		{F14B150D-5F50-41DC-8D2C-1CEA4F2F911C}.Debug|Any CPU.ActiveCfg = Debug|Any CPU
		{F14B150D-5F50-41DC-8D2C-1CEA4F2F911C}.Debug|Any CPU.Build.0 = Debug|Any CPU
		{F14B150D-5F50-41DC-8D2C-1CEA4F2F911C}.Release|Any CPU.ActiveCfg = Release|Any CPU
		{F14B150D-5F50-41DC-8D2C-1CEA4F2F911C}.Release|Any CPU.Build.0 = Release|Any CPU
		{D0A719C0-7D82-4373-A2A2-1CEC55357818}.Debug|Any CPU.ActiveCfg = Debug|Any CPU
		{D0A719C0-7D82-4373-A2A2-1CEC55357818}.Debug|Any CPU.Build.0 = Debug|Any CPU
		{D0A719C0-7D82-4373-A2A2-1CEC55357818}.Release|Any CPU.ActiveCfg = Release|Any CPU
		{D0A719C0-7D82-4373-A2A2-1CEC55357818}.Release|Any CPU.Build.0 = Release|Any CPU
		{219372A8-A51F-4B9D-B13C-29B6B6911D53}.Debug|Any CPU.ActiveCfg = Debug|Any CPU
		{219372A8-A51F-4B9D-B13C-29B6B6911D53}.Debug|Any CPU.Build.0 = Debug|Any CPU
		{219372A8-A51F-4B9D-B13C-29B6B6911D53}.Release|Any CPU.ActiveCfg = Release|Any CPU
		{219372A8-A51F-4B9D-B13C-29B6B6911D53}.Release|Any CPU.Build.0 = Release|Any CPU
		{2D22838E-22A8-43AD-B9A8-5CD062450B78}.Debug|Any CPU.ActiveCfg = Debug|Any CPU
		{2D22838E-22A8-43AD-B9A8-5CD062450B78}.Debug|Any CPU.Build.0 = Debug|Any CPU
		{2D22838E-22A8-43AD-B9A8-5CD062450B78}.Release|Any CPU.ActiveCfg = Release|Any CPU
		{2D22838E-22A8-43AD-B9A8-5CD062450B78}.Release|Any CPU.Build.0 = Release|Any CPU
	EndGlobalSection
	GlobalSection(SolutionProperties) = preSolution
		HideSolutionNode = FALSE
	EndGlobalSection
	GlobalSection(ExtensibilityGlobals) = postSolution
		SolutionGuid = {5FCFC6CB-9D3C-4ECD-B5D4-259EF7F0E9DF}
	EndGlobalSection
EndGlobal
